
Microsoft Visual Studio Solution File, Format Version 12.00
# Visual Studio Version 17
VisualStudioVersion = 17.0.31903.59
MinimumVisualStudioVersion = 10.0.40219.1
Project("{FAE04EC0-301F-11D3-BF4B-00C04F79EFBC}") = "BlogApp", "BlogApp\BlogApp.csproj", "{4DC4FC02-646B-4318-87E9-CF5F16EF925C}"
EndProject
Project("{FAE04EC0-301F-11D3-BF4B-00C04F79EFBC}") = "UnitTests", "UnitTests\UnitTests.csproj", "{FBA6DC0A-8748-41E0-BD24-294EBAA1229B}"
EndProject
Global
	GlobalSection(SolutionConfigurationPlatforms) = preSolution
		Debug|Any CPU = Debug|Any CPU
		Release|Any CPU = Release|Any CPU
	EndGlobalSection
	GlobalSection(SolutionProperties) = preSolution
		HideSolutionNode = FALSE
	EndGlobalSection
	GlobalSection(ProjectConfigurationPlatforms) = postSolution
		{4DC4FC02-646B-4318-87E9-CF5F16EF925C}.Debug|Any CPU.ActiveCfg = Debug|Any CPU
		{4DC4FC02-646B-4318-87E9-CF5F16EF925C}.Debug|Any CPU.Build.0 = Debug|Any CPU
		{4DC4FC02-646B-4318-87E9-CF5F16EF925C}.Release|Any CPU.ActiveCfg = Release|Any CPU
		{4DC4FC02-646B-4318-87E9-CF5F16EF925C}.Release|Any CPU.Build.0 = Release|Any CPU
		{FBA6DC0A-8748-41E0-BD24-294EBAA1229B}.Debug|Any CPU.ActiveCfg = Debug|Any CPU
		{FBA6DC0A-8748-41E0-BD24-294EBAA1229B}.Debug|Any CPU.Build.0 = Debug|Any CPU
		{FBA6DC0A-8748-41E0-BD24-294EBAA1229B}.Release|Any CPU.ActiveCfg = Release|Any CPU
		{FBA6DC0A-8748-41E0-BD24-294EBAA1229B}.Release|Any CPU.Build.0 = Release|Any CPU
	EndGlobalSection
EndGlobal
