
Microsoft Visual Studio Solution File, Format Version 12.00
# Visual Studio Version 17
VisualStudioVersion = 17.0.31903.59
MinimumVisualStudioVersion = 10.0.40219.1
Project("{2150E333-8FDC-42A3-9474-1A3956D46DE8}") = "src", "src", "{90E07A9A-5FBF-4D6A-80BE-FFE678EBFFA2}"
EndProject
Project("{2150E333-8FDC-42A3-9474-1A3956D46DE8}") = "Core", "Core", "{24898601-AFFB-4B14-B7CA-5094ADFAA4A9}"
EndProject
Project("{FAE04EC0-301F-11D3-BF4B-00C04F79EFBC}") = "CleanArchitectureBlogApi.Application", "src\Core\CleanArchitectureBlogApi.Application\CleanArchitectureBlogApi.Application.csproj", "{116B6A60-4C2A-444E-AB6E-842EDEDF36F7}"
EndProject
Project("{FAE04EC0-301F-11D3-BF4B-00C04F79EFBC}") = "CleanArchitectureBlogApi.Domain", "src\Core\CleanArchitectureBlogApi.Domain\CleanArchitectureBlogApi.Domain.csproj", "{980FA0B5-A9AF-4ADA-BAA3-D096C2770008}"
EndProject
Project("{2150E333-8FDC-42A3-9474-1A3956D46DE8}") = "Infrastructure", "Infrastructure", "{208902AD-9875-4CD8-96ED-A6C76D5B7DEA}"
EndProject
Project("{FAE04EC0-301F-11D3-BF4B-00C04F79EFBC}") = "CleanArchitectureBlogApi.Infrastructure", "src\Infrastructure\CleanArchitectureBlogApi.Infrastructure\CleanArchitectureBlogApi.Infrastructure.csproj", "{AF67A559-3C65-4C92-B59A-88BDA4881ACC}"
EndProject
Project("{FAE04EC0-301F-11D3-BF4B-00C04F79EFBC}") = "CleanArchitectureBlogApi.Persistence", "src\Infrastructure\CleanArchitectureBlogApi.Persistence\CleanArchitectureBlogApi.Persistence.csproj", "{F40EA5BC-BFDD-42D2-8574-8F3557C66807}"
EndProject
Project("{2150E333-8FDC-42A3-9474-1A3956D46DE8}") = "API", "API", "{873037F9-BC33-40C7-824A-C2D2877BC25A}"
EndProject
Project("{FAE04EC0-301F-11D3-BF4B-00C04F79EFBC}") = "CleanArchitectureBlogApi.API", "src\API\CleanArchitectureBlogApi.API\CleanArchitectureBlogApi.API.csproj", "{55322214-6A2E-42B2-8FE9-B89CB23C8659}"
EndProject
Global
	GlobalSection(SolutionConfigurationPlatforms) = preSolution
		Debug|Any CPU = Debug|Any CPU
		Release|Any CPU = Release|Any CPU
	EndGlobalSection
	GlobalSection(SolutionProperties) = preSolution
		HideSolutionNode = FALSE
	EndGlobalSection
	GlobalSection(ProjectConfigurationPlatforms) = postSolution
		{116B6A60-4C2A-444E-AB6E-842EDEDF36F7}.Debug|Any CPU.ActiveCfg = Debug|Any CPU
		{116B6A60-4C2A-444E-AB6E-842EDEDF36F7}.Debug|Any CPU.Build.0 = Debug|Any CPU
		{116B6A60-4C2A-444E-AB6E-842EDEDF36F7}.Release|Any CPU.ActiveCfg = Release|Any CPU
		{116B6A60-4C2A-444E-AB6E-842EDEDF36F7}.Release|Any CPU.Build.0 = Release|Any CPU
		{980FA0B5-A9AF-4ADA-BAA3-D096C2770008}.Debug|Any CPU.ActiveCfg = Debug|Any CPU
		{980FA0B5-A9AF-4ADA-BAA3-D096C2770008}.Debug|Any CPU.Build.0 = Debug|Any CPU
		{980FA0B5-A9AF-4ADA-BAA3-D096C2770008}.Release|Any CPU.ActiveCfg = Release|Any CPU
		{980FA0B5-A9AF-4ADA-BAA3-D096C2770008}.Release|Any CPU.Build.0 = Release|Any CPU
		{AF67A559-3C65-4C92-B59A-88BDA4881ACC}.Debug|Any CPU.ActiveCfg = Debug|Any CPU
		{AF67A559-3C65-4C92-B59A-88BDA4881ACC}.Debug|Any CPU.Build.0 = Debug|Any CPU
		{AF67A559-3C65-4C92-B59A-88BDA4881ACC}.Release|Any CPU.ActiveCfg = Release|Any CPU
		{AF67A559-3C65-4C92-B59A-88BDA4881ACC}.Release|Any CPU.Build.0 = Release|Any CPU
		{F40EA5BC-BFDD-42D2-8574-8F3557C66807}.Debug|Any CPU.ActiveCfg = Debug|Any CPU
		{F40EA5BC-BFDD-42D2-8574-8F3557C66807}.Debug|Any CPU.Build.0 = Debug|Any CPU
		{F40EA5BC-BFDD-42D2-8574-8F3557C66807}.Release|Any CPU.ActiveCfg = Release|Any CPU
		{F40EA5BC-BFDD-42D2-8574-8F3557C66807}.Release|Any CPU.Build.0 = Release|Any CPU
		{55322214-6A2E-42B2-8FE9-B89CB23C8659}.Debug|Any CPU.ActiveCfg = Debug|Any CPU
		{55322214-6A2E-42B2-8FE9-B89CB23C8659}.Debug|Any CPU.Build.0 = Debug|Any CPU
		{55322214-6A2E-42B2-8FE9-B89CB23C8659}.Release|Any CPU.ActiveCfg = Release|Any CPU
		{55322214-6A2E-42B2-8FE9-B89CB23C8659}.Release|Any CPU.Build.0 = Release|Any CPU
	EndGlobalSection
	GlobalSection(NestedProjects) = preSolution
		{24898601-AFFB-4B14-B7CA-5094ADFAA4A9} = {90E07A9A-5FBF-4D6A-80BE-FFE678EBFFA2}
		{116B6A60-4C2A-444E-AB6E-842EDEDF36F7} = {24898601-AFFB-4B14-B7CA-5094ADFAA4A9}
		{980FA0B5-A9AF-4ADA-BAA3-D096C2770008} = {24898601-AFFB-4B14-B7CA-5094ADFAA4A9}
		{208902AD-9875-4CD8-96ED-A6C76D5B7DEA} = {90E07A9A-5FBF-4D6A-80BE-FFE678EBFFA2}
		{AF67A559-3C65-4C92-B59A-88BDA4881ACC} = {208902AD-9875-4CD8-96ED-A6C76D5B7DEA}
		{F40EA5BC-BFDD-42D2-8574-8F3557C66807} = {208902AD-9875-4CD8-96ED-A6C76D5B7DEA}
		{873037F9-BC33-40C7-824A-C2D2877BC25A} = {90E07A9A-5FBF-4D6A-80BE-FFE678EBFFA2}
		{55322214-6A2E-42B2-8FE9-B89CB23C8659} = {873037F9-BC33-40C7-824A-C2D2877BC25A}
	EndGlobalSection
EndGlobal
