
Microsoft Visual Studio Solution File, Format Version 12.00
# Visual Studio Version 17
VisualStudioVersion = 17.5.001.0
MinimumVisualStudioVersion = 10.0.40219.1
Project("{9A19103F-16F7-4668-BE54-9A1E7A4F7556}") = "TaskManager", "TaskManager.csproj", "{CE086B51-F7B2-4F0E-8C42-C8490EF959A5}"
EndProject
Global
	GlobalSection(SolutionConfigurationPlatforms) = preSolution
		Debug|Any CPU = Debug|Any CPU
		Release|Any CPU = Release|Any CPU
	EndGlobalSection
	GlobalSection(ProjectConfigurationPlatforms) = postSolution
		{CE086B51-F7B2-4F0E-8C42-C8490EF959A5}.Debug|Any CPU.ActiveCfg = Debug|Any CPU
		{CE086B51-F7B2-4F0E-8C42-C8490EF959A5}.Debug|Any CPU.Build.0 = Debug|Any CPU
		{CE086B51-F7B2-4F0E-8C42-C8490EF959A5}.Release|Any CPU.ActiveCfg = Release|Any CPU
		{CE086B51-F7B2-4F0E-8C42-C8490EF959A5}.Release|Any CPU.Build.0 = Release|Any CPU
	EndGlobalSection
	GlobalSection(SolutionProperties) = preSolution
		HideSolutionNode = FALSE
	EndGlobalSection
	GlobalSection(ExtensibilityGlobals) = postSolution
		SolutionGuid = {12190541-3DCC-445E-842E-E6A08CB9D0FC}
	EndGlobalSection
EndGlobal
